
Microsoft Visual Studio Solution File, Format Version 12.00
# Visual Studio 15
VisualStudioVersion = 15.0.27428.2011
MinimumVisualStudioVersion = 10.0.40219.1
Project("{FAE04EC0-301F-11D3-BF4B-00C04F79EFBC}") = "WslAntiMalware", "WslAntiMalware\WslAntiMalware.csproj", "{B521D499-D8F5-44A5-85BF-AD2DA4094A03}"
EndProject
Project("{2150E333-8FDC-42A3-9474-1A3956D46DE8}") = "GUI", "GUI", "{D45BC828-7B4C-429B-9EAF-02D2C45A49F4}"
EndProject
Project("{FAE04EC0-301F-11D3-BF4B-00C04F79EFBC}") = "NotificationsListener", "NotificationsListener\NotificationsListener.csproj", "{5955B784-F895-43FD-ABFC-582DE64DD1CA}"
EndProject
Project("{FAE04EC0-301F-11D3-BF4B-00C04F79EFBC}") = "WslAntiMalwareCore", "WslAntiMalwareCore\WslAntiMalwareCore.csproj", "{0D2F2714-E447-416D-81EC-81EFF471BB05}"
EndProject
Project("{FAE04EC0-301F-11D3-BF4B-00C04F79EFBC}") = "WslAntiMalwareSystemService", "WslAntiMalwareSystemService\WslAntiMalwareSystemService.csproj", "{A5C2F707-E2CB-4859-8668-E9AC29AD35E7}"
	ProjectSection(ProjectDependencies) = postProject
		{A43A0862-0DA4-45AA-9597-ADBCC7BB65C6} = {A43A0862-0DA4-45AA-9597-ADBCC7BB65C6}
	EndProjectSection
EndProject
Project("{8BC9CEB8-8B4A-11D0-8D11-00A0C91BC942}") = "uwpcomm", "uwpcomm\uwpcomm.vcxproj", "{98F2F06F-C614-4FD2-82B5-A3FDD2721D63}"
EndProject
Project("{2150E333-8FDC-42A3-9474-1A3956D46DE8}") = "Integration", "Integration", "{D7E22002-E844-4184-94B5-590E7851AB50}"
EndProject
Project("{8BC9CEB8-8B4A-11D0-8D11-00A0C91BC942}") = "WslSystemServiceCommunicationCore", "WslSystemServiceCommunicationCore\WslSystemServiceCommunicationCore.vcxproj", "{141DA236-1A6F-412D-92D3-F3A67B5BE2EC}"
EndProject
Project("{8BC9CEB8-8B4A-11D0-8D11-00A0C91BC942}") = "WslCoreWrapper", "WslCoreWrapper\WslCoreWrapper.vcxproj", "{965D1821-C0A7-4C49-A895-9DE28689E976}"
EndProject
Project("{8BC9CEB8-8B4A-11D0-8D11-00A0C91BC942}") = "wslcore", "..\wslmon\wslcore\wslcore.vcxproj", "{A43A0862-0DA4-45AA-9597-ADBCC7BB65C6}"
EndProject
Global
	GlobalSection(SolutionConfigurationPlatforms) = preSolution
		Debug|Any CPU = Debug|Any CPU
		Debug|ARM = Debug|ARM
		Debug|x64 = Debug|x64
		Debug|x86 = Debug|x86
		Release|Any CPU = Release|Any CPU
		Release|ARM = Release|ARM
		Release|x64 = Release|x64
		Release|x86 = Release|x86
	EndGlobalSection
	GlobalSection(ProjectConfigurationPlatforms) = postSolution
		{B521D499-D8F5-44A5-85BF-AD2DA4094A03}.Debug|Any CPU.ActiveCfg = Debug|x86
		{B521D499-D8F5-44A5-85BF-AD2DA4094A03}.Debug|ARM.ActiveCfg = Debug|ARM
		{B521D499-D8F5-44A5-85BF-AD2DA4094A03}.Debug|ARM.Build.0 = Debug|ARM
		{B521D499-D8F5-44A5-85BF-AD2DA4094A03}.Debug|ARM.Deploy.0 = Debug|ARM
		{B521D499-D8F5-44A5-85BF-AD2DA4094A03}.Debug|x64.ActiveCfg = Debug|x64
		{B521D499-D8F5-44A5-85BF-AD2DA4094A03}.Debug|x64.Build.0 = Debug|x64
		{B521D499-D8F5-44A5-85BF-AD2DA4094A03}.Debug|x64.Deploy.0 = Debug|x64
		{B521D499-D8F5-44A5-85BF-AD2DA4094A03}.Debug|x86.ActiveCfg = Debug|x86
		{B521D499-D8F5-44A5-85BF-AD2DA4094A03}.Debug|x86.Build.0 = Debug|x86
		{B521D499-D8F5-44A5-85BF-AD2DA4094A03}.Debug|x86.Deploy.0 = Debug|x86
		{B521D499-D8F5-44A5-85BF-AD2DA4094A03}.Release|Any CPU.ActiveCfg = Release|x86
		{B521D499-D8F5-44A5-85BF-AD2DA4094A03}.Release|ARM.ActiveCfg = Release|ARM
		{B521D499-D8F5-44A5-85BF-AD2DA4094A03}.Release|ARM.Build.0 = Release|ARM
		{B521D499-D8F5-44A5-85BF-AD2DA4094A03}.Release|ARM.Deploy.0 = Release|ARM
		{B521D499-D8F5-44A5-85BF-AD2DA4094A03}.Release|x64.ActiveCfg = Release|x64
		{B521D499-D8F5-44A5-85BF-AD2DA4094A03}.Release|x64.Build.0 = Release|x64
		{B521D499-D8F5-44A5-85BF-AD2DA4094A03}.Release|x64.Deploy.0 = Release|x64
		{B521D499-D8F5-44A5-85BF-AD2DA4094A03}.Release|x86.ActiveCfg = Release|x86
		{B521D499-D8F5-44A5-85BF-AD2DA4094A03}.Release|x86.Build.0 = Release|x86
		{B521D499-D8F5-44A5-85BF-AD2DA4094A03}.Release|x86.Deploy.0 = Release|x86
		{5955B784-F895-43FD-ABFC-582DE64DD1CA}.Debug|Any CPU.ActiveCfg = Debug|Any CPU
		{5955B784-F895-43FD-ABFC-582DE64DD1CA}.Debug|Any CPU.Build.0 = Debug|Any CPU
		{5955B784-F895-43FD-ABFC-582DE64DD1CA}.Debug|ARM.ActiveCfg = Debug|ARM
		{5955B784-F895-43FD-ABFC-582DE64DD1CA}.Debug|ARM.Build.0 = Debug|ARM
		{5955B784-F895-43FD-ABFC-582DE64DD1CA}.Debug|x64.ActiveCfg = Debug|x64
		{5955B784-F895-43FD-ABFC-582DE64DD1CA}.Debug|x64.Build.0 = Debug|x64
		{5955B784-F895-43FD-ABFC-582DE64DD1CA}.Debug|x86.ActiveCfg = Debug|x86
		{5955B784-F895-43FD-ABFC-582DE64DD1CA}.Debug|x86.Build.0 = Debug|x86
		{5955B784-F895-43FD-ABFC-582DE64DD1CA}.Release|Any CPU.ActiveCfg = Release|Any CPU
		{5955B784-F895-43FD-ABFC-582DE64DD1CA}.Release|Any CPU.Build.0 = Release|Any CPU
		{5955B784-F895-43FD-ABFC-582DE64DD1CA}.Release|ARM.ActiveCfg = Release|ARM
		{5955B784-F895-43FD-ABFC-582DE64DD1CA}.Release|ARM.Build.0 = Release|ARM
		{5955B784-F895-43FD-ABFC-582DE64DD1CA}.Release|x64.ActiveCfg = Release|x64
		{5955B784-F895-43FD-ABFC-582DE64DD1CA}.Release|x64.Build.0 = Release|x64
		{5955B784-F895-43FD-ABFC-582DE64DD1CA}.Release|x86.ActiveCfg = Release|x86
		{5955B784-F895-43FD-ABFC-582DE64DD1CA}.Release|x86.Build.0 = Release|x86
		{0D2F2714-E447-416D-81EC-81EFF471BB05}.Debug|Any CPU.ActiveCfg = Debug|Any CPU
		{0D2F2714-E447-416D-81EC-81EFF471BB05}.Debug|Any CPU.Build.0 = Debug|Any CPU
		{0D2F2714-E447-416D-81EC-81EFF471BB05}.Debug|ARM.ActiveCfg = Debug|ARM
		{0D2F2714-E447-416D-81EC-81EFF471BB05}.Debug|ARM.Build.0 = Debug|ARM
		{0D2F2714-E447-416D-81EC-81EFF471BB05}.Debug|x64.ActiveCfg = Debug|x64
		{0D2F2714-E447-416D-81EC-81EFF471BB05}.Debug|x64.Build.0 = Debug|x64
		{0D2F2714-E447-416D-81EC-81EFF471BB05}.Debug|x86.ActiveCfg = Debug|x86
		{0D2F2714-E447-416D-81EC-81EFF471BB05}.Debug|x86.Build.0 = Debug|x86
		{0D2F2714-E447-416D-81EC-81EFF471BB05}.Release|Any CPU.ActiveCfg = Release|Any CPU
		{0D2F2714-E447-416D-81EC-81EFF471BB05}.Release|Any CPU.Build.0 = Release|Any CPU
		{0D2F2714-E447-416D-81EC-81EFF471BB05}.Release|ARM.ActiveCfg = Release|ARM
		{0D2F2714-E447-416D-81EC-81EFF471BB05}.Release|ARM.Build.0 = Release|ARM
		{0D2F2714-E447-416D-81EC-81EFF471BB05}.Release|x64.ActiveCfg = Release|x64
		{0D2F2714-E447-416D-81EC-81EFF471BB05}.Release|x64.Build.0 = Release|x64
		{0D2F2714-E447-416D-81EC-81EFF471BB05}.Release|x86.ActiveCfg = Release|x86
		{0D2F2714-E447-416D-81EC-81EFF471BB05}.Release|x86.Build.0 = Release|x86
		{A5C2F707-E2CB-4859-8668-E9AC29AD35E7}.Debug|Any CPU.ActiveCfg = Debug|Any CPU
		{A5C2F707-E2CB-4859-8668-E9AC29AD35E7}.Debug|Any CPU.Build.0 = Debug|Any CPU
		{A5C2F707-E2CB-4859-8668-E9AC29AD35E7}.Debug|ARM.ActiveCfg = Debug|Any CPU
		{A5C2F707-E2CB-4859-8668-E9AC29AD35E7}.Debug|ARM.Build.0 = Debug|Any CPU
		{A5C2F707-E2CB-4859-8668-E9AC29AD35E7}.Debug|x64.ActiveCfg = Debug|Any CPU
		{A5C2F707-E2CB-4859-8668-E9AC29AD35E7}.Debug|x64.Build.0 = Debug|Any CPU
		{A5C2F707-E2CB-4859-8668-E9AC29AD35E7}.Debug|x86.ActiveCfg = Debug|Any CPU
		{A5C2F707-E2CB-4859-8668-E9AC29AD35E7}.Debug|x86.Build.0 = Debug|Any CPU
		{A5C2F707-E2CB-4859-8668-E9AC29AD35E7}.Release|Any CPU.ActiveCfg = Release|Any CPU
		{A5C2F707-E2CB-4859-8668-E9AC29AD35E7}.Release|Any CPU.Build.0 = Release|Any CPU
		{A5C2F707-E2CB-4859-8668-E9AC29AD35E7}.Release|ARM.ActiveCfg = Release|Any CPU
		{A5C2F707-E2CB-4859-8668-E9AC29AD35E7}.Release|ARM.Build.0 = Release|Any CPU
		{A5C2F707-E2CB-4859-8668-E9AC29AD35E7}.Release|x64.ActiveCfg = Release|Any CPU
		{A5C2F707-E2CB-4859-8668-E9AC29AD35E7}.Release|x64.Build.0 = Release|Any CPU
		{A5C2F707-E2CB-4859-8668-E9AC29AD35E7}.Release|x86.ActiveCfg = Release|Any CPU
		{A5C2F707-E2CB-4859-8668-E9AC29AD35E7}.Release|x86.Build.0 = Release|Any CPU
		{98F2F06F-C614-4FD2-82B5-A3FDD2721D63}.Debug|Any CPU.ActiveCfg = Debug|Win32
		{98F2F06F-C614-4FD2-82B5-A3FDD2721D63}.Debug|ARM.ActiveCfg = Debug|Win32
		{98F2F06F-C614-4FD2-82B5-A3FDD2721D63}.Debug|x64.ActiveCfg = Debug|x64
		{98F2F06F-C614-4FD2-82B5-A3FDD2721D63}.Debug|x64.Build.0 = Debug|x64
		{98F2F06F-C614-4FD2-82B5-A3FDD2721D63}.Debug|x86.ActiveCfg = Debug|Win32
		{98F2F06F-C614-4FD2-82B5-A3FDD2721D63}.Debug|x86.Build.0 = Debug|Win32
		{98F2F06F-C614-4FD2-82B5-A3FDD2721D63}.Release|Any CPU.ActiveCfg = Release|Win32
		{98F2F06F-C614-4FD2-82B5-A3FDD2721D63}.Release|ARM.ActiveCfg = Release|Win32
		{98F2F06F-C614-4FD2-82B5-A3FDD2721D63}.Release|x64.ActiveCfg = Release|x64
		{98F2F06F-C614-4FD2-82B5-A3FDD2721D63}.Release|x64.Build.0 = Release|x64
		{98F2F06F-C614-4FD2-82B5-A3FDD2721D63}.Release|x86.ActiveCfg = Release|Win32
		{98F2F06F-C614-4FD2-82B5-A3FDD2721D63}.Release|x86.Build.0 = Release|Win32
		{141DA236-1A6F-412D-92D3-F3A67B5BE2EC}.Debug|Any CPU.ActiveCfg = Debug|Win32
		{141DA236-1A6F-412D-92D3-F3A67B5BE2EC}.Debug|ARM.ActiveCfg = Debug|Win32
		{141DA236-1A6F-412D-92D3-F3A67B5BE2EC}.Debug|x64.ActiveCfg = Debug|x64
		{141DA236-1A6F-412D-92D3-F3A67B5BE2EC}.Debug|x64.Build.0 = Debug|x64
		{141DA236-1A6F-412D-92D3-F3A67B5BE2EC}.Debug|x86.ActiveCfg = Debug|Win32
		{141DA236-1A6F-412D-92D3-F3A67B5BE2EC}.Debug|x86.Build.0 = Debug|Win32
		{141DA236-1A6F-412D-92D3-F3A67B5BE2EC}.Release|Any CPU.ActiveCfg = Release|Win32
		{141DA236-1A6F-412D-92D3-F3A67B5BE2EC}.Release|ARM.ActiveCfg = Release|Win32
		{141DA236-1A6F-412D-92D3-F3A67B5BE2EC}.Release|x64.ActiveCfg = Release|x64
		{141DA236-1A6F-412D-92D3-F3A67B5BE2EC}.Release|x64.Build.0 = Release|x64
		{141DA236-1A6F-412D-92D3-F3A67B5BE2EC}.Release|x86.ActiveCfg = Release|Win32
		{141DA236-1A6F-412D-92D3-F3A67B5BE2EC}.Release|x86.Build.0 = Release|Win32
		{965D1821-C0A7-4C49-A895-9DE28689E976}.Debug|Any CPU.ActiveCfg = Debug|Win32
		{965D1821-C0A7-4C49-A895-9DE28689E976}.Debug|ARM.ActiveCfg = Debug|Win32
		{965D1821-C0A7-4C49-A895-9DE28689E976}.Debug|x64.ActiveCfg = Debug|x64
		{965D1821-C0A7-4C49-A895-9DE28689E976}.Debug|x64.Build.0 = Debug|x64
		{965D1821-C0A7-4C49-A895-9DE28689E976}.Debug|x86.ActiveCfg = Debug|Win32
		{965D1821-C0A7-4C49-A895-9DE28689E976}.Debug|x86.Build.0 = Debug|Win32
		{965D1821-C0A7-4C49-A895-9DE28689E976}.Release|Any CPU.ActiveCfg = Release|Win32
		{965D1821-C0A7-4C49-A895-9DE28689E976}.Release|ARM.ActiveCfg = Release|Win32
		{965D1821-C0A7-4C49-A895-9DE28689E976}.Release|x64.ActiveCfg = Release|x64
		{965D1821-C0A7-4C49-A895-9DE28689E976}.Release|x64.Build.0 = Release|x64
		{965D1821-C0A7-4C49-A895-9DE28689E976}.Release|x86.ActiveCfg = Release|Win32
		{965D1821-C0A7-4C49-A895-9DE28689E976}.Release|x86.Build.0 = Release|Win32
		{A43A0862-0DA4-45AA-9597-ADBCC7BB65C6}.Debug|Any CPU.ActiveCfg = Debug|Win32
		{A43A0862-0DA4-45AA-9597-ADBCC7BB65C6}.Debug|ARM.ActiveCfg = Debug|Win32
		{A43A0862-0DA4-45AA-9597-ADBCC7BB65C6}.Debug|x64.ActiveCfg = Debug|x64
		{A43A0862-0DA4-45AA-9597-ADBCC7BB65C6}.Debug|x64.Build.0 = Debug|x64
		{A43A0862-0DA4-45AA-9597-ADBCC7BB65C6}.Debug|x86.ActiveCfg = Debug|Win32
		{A43A0862-0DA4-45AA-9597-ADBCC7BB65C6}.Debug|x86.Build.0 = Debug|Win32
		{A43A0862-0DA4-45AA-9597-ADBCC7BB65C6}.Release|Any CPU.ActiveCfg = Release|Win32
		{A43A0862-0DA4-45AA-9597-ADBCC7BB65C6}.Release|ARM.ActiveCfg = Release|Win32
		{A43A0862-0DA4-45AA-9597-ADBCC7BB65C6}.Release|x64.ActiveCfg = Release|x64
		{A43A0862-0DA4-45AA-9597-ADBCC7BB65C6}.Release|x64.Build.0 = Release|x64
		{A43A0862-0DA4-45AA-9597-ADBCC7BB65C6}.Release|x86.ActiveCfg = Release|Win32
		{A43A0862-0DA4-45AA-9597-ADBCC7BB65C6}.Release|x86.Build.0 = Release|Win32
	EndGlobalSection
	GlobalSection(SolutionProperties) = preSolution
		HideSolutionNode = FALSE
	EndGlobalSection
	GlobalSection(NestedProjects) = preSolution
		{B521D499-D8F5-44A5-85BF-AD2DA4094A03} = {D45BC828-7B4C-429B-9EAF-02D2C45A49F4}
		{5955B784-F895-43FD-ABFC-582DE64DD1CA} = {D45BC828-7B4C-429B-9EAF-02D2C45A49F4}
		{0D2F2714-E447-416D-81EC-81EFF471BB05} = {D45BC828-7B4C-429B-9EAF-02D2C45A49F4}
		{A5C2F707-E2CB-4859-8668-E9AC29AD35E7} = {D7E22002-E844-4184-94B5-590E7851AB50}
		{98F2F06F-C614-4FD2-82B5-A3FDD2721D63} = {D7E22002-E844-4184-94B5-590E7851AB50}
		{141DA236-1A6F-412D-92D3-F3A67B5BE2EC} = {D7E22002-E844-4184-94B5-590E7851AB50}
		{965D1821-C0A7-4C49-A895-9DE28689E976} = {D7E22002-E844-4184-94B5-590E7851AB50}
		{A43A0862-0DA4-45AA-9597-ADBCC7BB65C6} = {D7E22002-E844-4184-94B5-590E7851AB50}
	EndGlobalSection
	GlobalSection(ExtensibilityGlobals) = postSolution
		SolutionGuid = {74B4D087-91EF-4C48-BCF6-628765D12547}
	EndGlobalSection
EndGlobal
