
Microsoft Visual Studio Solution File, Format Version 12.00
# Visual Studio 15
VisualStudioVersion = 15.0.27428.2011
MinimumVisualStudioVersion = 10.0.40219.1
Project("{FAE04EC0-301F-11D3-BF4B-00C04F79EFBC}") = "WSLAntiMalware", "WSLAntiMalware\WSLAntiMalware.csproj", "{029E80A4-9B8B-4AFA-A721-373B79BE2BD4}"
EndProject
Project("{FAE04EC0-301F-11D3-BF4B-00C04F79EFBC}") = "DetectionListener", "DetectionListener\DetectionListener.csproj", "{50D19E69-89D8-4E72-BBA5-E2CBF3FFD1B7}"
EndProject
Project("{FAE04EC0-301F-11D3-BF4B-00C04F79EFBC}") = "WslAntiMalwareCore", "WslAntiMalwareCore\WslAntiMalwareCore.csproj", "{0A18ACF1-8E3A-4E4A-B6C7-B0B674BFDDB2}"
EndProject
Project("{FAE04EC0-301F-11D3-BF4B-00C04F79EFBC}") = "WSLAntiMalwareSystemService", "WSLAntiMalwareSystemService\WSLAntiMalwareSystemService.csproj", "{9BF5BDCA-160A-4503-AE70-3488AB7953BB}"
EndProject
Project("{8BC9CEB8-8B4A-11D0-8D11-00A0C91BC942}") = "uwpcomm", "uwpcomm\uwpcomm.vcxproj", "{98F2F06F-C614-4FD2-82B5-A3FDD2721D63}"
EndProject
Project("{2150E333-8FDC-42A3-9474-1A3956D46DE8}") = "Integration", "Integration", "{7E54BD17-0540-48BC-89F6-0D2DD6AB39FE}"
EndProject
Project("{2150E333-8FDC-42A3-9474-1A3956D46DE8}") = "Application", "Application", "{0CBED585-1ED5-4C1D-85D7-63A7EA8E19F8}"
EndProject
Project("{8BC9CEB8-8B4A-11D0-8D11-00A0C91BC942}") = "WSLSystemServiceCommunicationCore", "WSLSystemServiceCommunicationCore\WSLSystemServiceCommunicationCore.vcxproj", "{141DA236-1A6F-412D-92D3-F3A67B5BE2EC}"
EndProject
Global
	GlobalSection(SolutionConfigurationPlatforms) = preSolution
		Debug|Any CPU = Debug|Any CPU
		Debug|x64 = Debug|x64
		Debug|x86 = Debug|x86
		Release|Any CPU = Release|Any CPU
		Release|x64 = Release|x64
		Release|x86 = Release|x86
	EndGlobalSection
	GlobalSection(ProjectConfigurationPlatforms) = postSolution
		{029E80A4-9B8B-4AFA-A721-373B79BE2BD4}.Debug|Any CPU.ActiveCfg = Debug|x86
		{029E80A4-9B8B-4AFA-A721-373B79BE2BD4}.Debug|x64.ActiveCfg = Debug|x64
		{029E80A4-9B8B-4AFA-A721-373B79BE2BD4}.Debug|x64.Build.0 = Debug|x64
		{029E80A4-9B8B-4AFA-A721-373B79BE2BD4}.Debug|x64.Deploy.0 = Debug|x64
		{029E80A4-9B8B-4AFA-A721-373B79BE2BD4}.Debug|x86.ActiveCfg = Debug|x86
		{029E80A4-9B8B-4AFA-A721-373B79BE2BD4}.Debug|x86.Build.0 = Debug|x86
		{029E80A4-9B8B-4AFA-A721-373B79BE2BD4}.Debug|x86.Deploy.0 = Debug|x86
		{029E80A4-9B8B-4AFA-A721-373B79BE2BD4}.Release|Any CPU.ActiveCfg = Release|x86
		{029E80A4-9B8B-4AFA-A721-373B79BE2BD4}.Release|x64.ActiveCfg = Release|x64
		{029E80A4-9B8B-4AFA-A721-373B79BE2BD4}.Release|x64.Build.0 = Release|x64
		{029E80A4-9B8B-4AFA-A721-373B79BE2BD4}.Release|x64.Deploy.0 = Release|x64
		{029E80A4-9B8B-4AFA-A721-373B79BE2BD4}.Release|x86.ActiveCfg = Release|x86
		{029E80A4-9B8B-4AFA-A721-373B79BE2BD4}.Release|x86.Build.0 = Release|x86
		{029E80A4-9B8B-4AFA-A721-373B79BE2BD4}.Release|x86.Deploy.0 = Release|x86
		{50D19E69-89D8-4E72-BBA5-E2CBF3FFD1B7}.Debug|Any CPU.ActiveCfg = Debug|Any CPU
		{50D19E69-89D8-4E72-BBA5-E2CBF3FFD1B7}.Debug|Any CPU.Build.0 = Debug|Any CPU
		{50D19E69-89D8-4E72-BBA5-E2CBF3FFD1B7}.Debug|x64.ActiveCfg = Debug|x64
		{50D19E69-89D8-4E72-BBA5-E2CBF3FFD1B7}.Debug|x64.Build.0 = Debug|x64
		{50D19E69-89D8-4E72-BBA5-E2CBF3FFD1B7}.Debug|x86.ActiveCfg = Debug|x86
		{50D19E69-89D8-4E72-BBA5-E2CBF3FFD1B7}.Debug|x86.Build.0 = Debug|x86
		{50D19E69-89D8-4E72-BBA5-E2CBF3FFD1B7}.Release|Any CPU.ActiveCfg = Release|Any CPU
		{50D19E69-89D8-4E72-BBA5-E2CBF3FFD1B7}.Release|Any CPU.Build.0 = Release|Any CPU
		{50D19E69-89D8-4E72-BBA5-E2CBF3FFD1B7}.Release|x64.ActiveCfg = Release|x64
		{50D19E69-89D8-4E72-BBA5-E2CBF3FFD1B7}.Release|x64.Build.0 = Release|x64
		{50D19E69-89D8-4E72-BBA5-E2CBF3FFD1B7}.Release|x86.ActiveCfg = Release|x86
		{50D19E69-89D8-4E72-BBA5-E2CBF3FFD1B7}.Release|x86.Build.0 = Release|x86
		{0A18ACF1-8E3A-4E4A-B6C7-B0B674BFDDB2}.Debug|Any CPU.ActiveCfg = Debug|Any CPU
		{0A18ACF1-8E3A-4E4A-B6C7-B0B674BFDDB2}.Debug|Any CPU.Build.0 = Debug|Any CPU
		{0A18ACF1-8E3A-4E4A-B6C7-B0B674BFDDB2}.Debug|x64.ActiveCfg = Debug|x64
		{0A18ACF1-8E3A-4E4A-B6C7-B0B674BFDDB2}.Debug|x64.Build.0 = Debug|x64
		{0A18ACF1-8E3A-4E4A-B6C7-B0B674BFDDB2}.Debug|x86.ActiveCfg = Debug|x86
		{0A18ACF1-8E3A-4E4A-B6C7-B0B674BFDDB2}.Debug|x86.Build.0 = Debug|x86
		{0A18ACF1-8E3A-4E4A-B6C7-B0B674BFDDB2}.Release|Any CPU.ActiveCfg = Release|Any CPU
		{0A18ACF1-8E3A-4E4A-B6C7-B0B674BFDDB2}.Release|Any CPU.Build.0 = Release|Any CPU
		{0A18ACF1-8E3A-4E4A-B6C7-B0B674BFDDB2}.Release|x64.ActiveCfg = Release|x64
		{0A18ACF1-8E3A-4E4A-B6C7-B0B674BFDDB2}.Release|x64.Build.0 = Release|x64
		{0A18ACF1-8E3A-4E4A-B6C7-B0B674BFDDB2}.Release|x86.ActiveCfg = Release|x86
		{0A18ACF1-8E3A-4E4A-B6C7-B0B674BFDDB2}.Release|x86.Build.0 = Release|x86
		{9BF5BDCA-160A-4503-AE70-3488AB7953BB}.Debug|Any CPU.ActiveCfg = Debug|Any CPU
		{9BF5BDCA-160A-4503-AE70-3488AB7953BB}.Debug|Any CPU.Build.0 = Debug|Any CPU
		{9BF5BDCA-160A-4503-AE70-3488AB7953BB}.Debug|x64.ActiveCfg = Debug|Any CPU
		{9BF5BDCA-160A-4503-AE70-3488AB7953BB}.Debug|x64.Build.0 = Debug|Any CPU
		{9BF5BDCA-160A-4503-AE70-3488AB7953BB}.Debug|x86.ActiveCfg = Debug|Any CPU
		{9BF5BDCA-160A-4503-AE70-3488AB7953BB}.Debug|x86.Build.0 = Debug|Any CPU
		{9BF5BDCA-160A-4503-AE70-3488AB7953BB}.Release|Any CPU.ActiveCfg = Release|Any CPU
		{9BF5BDCA-160A-4503-AE70-3488AB7953BB}.Release|Any CPU.Build.0 = Release|Any CPU
		{9BF5BDCA-160A-4503-AE70-3488AB7953BB}.Release|x64.ActiveCfg = Release|Any CPU
		{9BF5BDCA-160A-4503-AE70-3488AB7953BB}.Release|x64.Build.0 = Release|Any CPU
		{9BF5BDCA-160A-4503-AE70-3488AB7953BB}.Release|x86.ActiveCfg = Release|Any CPU
		{9BF5BDCA-160A-4503-AE70-3488AB7953BB}.Release|x86.Build.0 = Release|Any CPU
		{98F2F06F-C614-4FD2-82B5-A3FDD2721D63}.Debug|Any CPU.ActiveCfg = Debug|Win32
		{98F2F06F-C614-4FD2-82B5-A3FDD2721D63}.Debug|x64.ActiveCfg = Debug|x64
		{98F2F06F-C614-4FD2-82B5-A3FDD2721D63}.Debug|x64.Build.0 = Debug|x64
		{98F2F06F-C614-4FD2-82B5-A3FDD2721D63}.Debug|x86.ActiveCfg = Debug|Win32
		{98F2F06F-C614-4FD2-82B5-A3FDD2721D63}.Debug|x86.Build.0 = Debug|Win32
		{98F2F06F-C614-4FD2-82B5-A3FDD2721D63}.Release|Any CPU.ActiveCfg = Release|Win32
		{98F2F06F-C614-4FD2-82B5-A3FDD2721D63}.Release|x64.ActiveCfg = Release|x64
		{98F2F06F-C614-4FD2-82B5-A3FDD2721D63}.Release|x64.Build.0 = Release|x64
		{98F2F06F-C614-4FD2-82B5-A3FDD2721D63}.Release|x86.ActiveCfg = Release|Win32
		{98F2F06F-C614-4FD2-82B5-A3FDD2721D63}.Release|x86.Build.0 = Release|Win32
		{141DA236-1A6F-412D-92D3-F3A67B5BE2EC}.Debug|Any CPU.ActiveCfg = Debug|Win32
		{141DA236-1A6F-412D-92D3-F3A67B5BE2EC}.Debug|x64.ActiveCfg = Debug|x64
		{141DA236-1A6F-412D-92D3-F3A67B5BE2EC}.Debug|x64.Build.0 = Debug|x64
		{141DA236-1A6F-412D-92D3-F3A67B5BE2EC}.Debug|x86.ActiveCfg = Debug|Win32
		{141DA236-1A6F-412D-92D3-F3A67B5BE2EC}.Debug|x86.Build.0 = Debug|Win32
		{141DA236-1A6F-412D-92D3-F3A67B5BE2EC}.Release|Any CPU.ActiveCfg = Release|Win32
		{141DA236-1A6F-412D-92D3-F3A67B5BE2EC}.Release|x64.ActiveCfg = Release|x64
		{141DA236-1A6F-412D-92D3-F3A67B5BE2EC}.Release|x64.Build.0 = Release|x64
		{141DA236-1A6F-412D-92D3-F3A67B5BE2EC}.Release|x86.ActiveCfg = Release|Win32
		{141DA236-1A6F-412D-92D3-F3A67B5BE2EC}.Release|x86.Build.0 = Release|Win32
	EndGlobalSection
	GlobalSection(SolutionProperties) = preSolution
		HideSolutionNode = FALSE
	EndGlobalSection
	GlobalSection(NestedProjects) = preSolution
		{029E80A4-9B8B-4AFA-A721-373B79BE2BD4} = {0CBED585-1ED5-4C1D-85D7-63A7EA8E19F8}
		{50D19E69-89D8-4E72-BBA5-E2CBF3FFD1B7} = {0CBED585-1ED5-4C1D-85D7-63A7EA8E19F8}
		{0A18ACF1-8E3A-4E4A-B6C7-B0B674BFDDB2} = {0CBED585-1ED5-4C1D-85D7-63A7EA8E19F8}
		{9BF5BDCA-160A-4503-AE70-3488AB7953BB} = {7E54BD17-0540-48BC-89F6-0D2DD6AB39FE}
		{98F2F06F-C614-4FD2-82B5-A3FDD2721D63} = {7E54BD17-0540-48BC-89F6-0D2DD6AB39FE}
		{141DA236-1A6F-412D-92D3-F3A67B5BE2EC} = {7E54BD17-0540-48BC-89F6-0D2DD6AB39FE}
	EndGlobalSection
	GlobalSection(ExtensibilityGlobals) = postSolution
		SolutionGuid = {2D3F1F3B-3755-40AE-A92D-DA0A601729E9}
	EndGlobalSection
EndGlobal
