<?xml version="1.0" encoding="utf-8"?>
<Project ToolsVersion="4.0" xmlns="http://schemas.microsoft.com/developer/msbuild/2003">
  <ItemGroup>
    <Filter Include="Source Files">
      <UniqueIdentifier>{4FC737F1-C7A5-4376-A066-2A32D752A2FF}</UniqueIdentifier>
      <Extensions>cpp;c;cc;cxx;def;odl;idl;hpj;bat;asm;asmx</Extensions>
    </Filter>
    <Filter Include="Header Files">
      <UniqueIdentifier>{93995380-89BD-4b04-88EB-625FBE52EBFB}</UniqueIdentifier>
      <Extensions>h;hh;hpp;hxx;hm;inl;inc;xsd</Extensions>
    </Filter>
    <Filter Include="Resource Files">
      <UniqueIdentifier>{67DA6AB6-F800-4c08-8B7A-83BB121AAD01}</UniqueIdentifier>
      <Extensions>rc;ico;cur;bmp;dlg;rc2;rct;bin;rgs;gif;jpg;jpeg;jpe;resx;tiff;tif;png;wav;mfcribbon-ms</Extensions>
    </Filter>
    <Filter Include="Source Files\Tests">
      <UniqueIdentifier>{b00e822f-80c0-4aa8-9936-279cd72c5e78}</UniqueIdentifier>
    </Filter>
    <Filter Include="Source Files\Sources">
      <UniqueIdentifier>{949c6036-3c3d-4074-af8e-63c818d1f415}</UniqueIdentifier>
    </Filter>
    <Filter Include="Source Files\Mocks">
      <UniqueIdentifier>{6d9a912c-b44f-4328-98fe-f64d40f48c98}</UniqueIdentifier>
    </Filter>
    <Filter Include="Header Files\Mocks">
      <UniqueIdentifier>{2f8f95ce-e4ec-4cff-bee4-3d45b18e3252}</UniqueIdentifier>
    </Filter>
  </ItemGroup>
  <ItemGroup>
    <ClCompile Include="unittest1.cpp">
      <Filter>Source Files</Filter>
    </ClCompile>
  </ItemGroup>
</Project>